
Microsoft Visual Studio Solution File, Format Version 12.00
# Visual Studio Version 16
VisualStudioVersion = 16.0.30717.126
MinimumVisualStudioVersion = 10.0.40219.1
Project("{FAE04EC0-301F-11D3-BF4B-00C04F79EFBC}") = "Onyx", "Onyx\Onyx.csproj", "{C0143D77-4941-4E5B-B49E-9B255D00DF6F}"
EndProject
Project("{FAE04EC0-301F-11D3-BF4B-00C04F79EFBC}") = "VatVerifier", "VatVerifier\VatVerifier.csproj", "{457B8271-8966-4B5E-AE9C-E0C71BDC98E6}"
EndProject
Global
	GlobalSection(SolutionConfigurationPlatforms) = preSolution
		Debug|Any CPU = Debug|Any CPU
		Release|Any CPU = Release|Any CPU
	EndGlobalSection
	GlobalSection(ProjectConfigurationPlatforms) = postSolution
		{C0143D77-4941-4E5B-B49E-9B255D00DF6F}.Debug|Any CPU.ActiveCfg = Debug|Any CPU
		{C0143D77-4941-4E5B-B49E-9B255D00DF6F}.Debug|Any CPU.Build.0 = Debug|Any CPU
		{C0143D77-4941-4E5B-B49E-9B255D00DF6F}.Release|Any CPU.ActiveCfg = Release|Any CPU
		{C0143D77-4941-4E5B-B49E-9B255D00DF6F}.Release|Any CPU.Build.0 = Release|Any CPU
		{457B8271-8966-4B5E-AE9C-E0C71BDC98E6}.Debug|Any CPU.ActiveCfg = Debug|Any CPU
		{457B8271-8966-4B5E-AE9C-E0C71BDC98E6}.Debug|Any CPU.Build.0 = Debug|Any CPU
		{457B8271-8966-4B5E-AE9C-E0C71BDC98E6}.Release|Any CPU.ActiveCfg = Release|Any CPU
		{457B8271-8966-4B5E-AE9C-E0C71BDC98E6}.Release|Any CPU.Build.0 = Release|Any CPU
	EndGlobalSection
	GlobalSection(SolutionProperties) = preSolution
		HideSolutionNode = FALSE
	EndGlobalSection
	GlobalSection(ExtensibilityGlobals) = postSolution
		SolutionGuid = {8B8EDD39-C5DB-422E-8C05-287419E651E5}
	EndGlobalSection
EndGlobal
